
Microsoft Visual Studio Solution File, Format Version 12.00
# Visual Studio 15
VisualStudioVersion = 15.0.28307.421
MinimumVisualStudioVersion = 10.0.40219.1
Project("{FAE04EC0-301F-11D3-BF4B-00C04F79EFBC}") = "lab6_1", "lab6_1\lab6_1.csproj", "{F707EAE8-E83C-4407-AC48-C1683AA90758}"
EndProject
Global
	GlobalSection(SolutionConfigurationPlatforms) = preSolution
		Debug|Any CPU = Debug|Any CPU
		Release|Any CPU = Release|Any CPU
	EndGlobalSection
	GlobalSection(ProjectConfigurationPlatforms) = postSolution
		{F707EAE8-E83C-4407-AC48-C1683AA90758}.Debug|Any CPU.ActiveCfg = Debug|Any CPU
		{F707EAE8-E83C-4407-AC48-C1683AA90758}.Debug|Any CPU.Build.0 = Debug|Any CPU
		{F707EAE8-E83C-4407-AC48-C1683AA90758}.Release|Any CPU.ActiveCfg = Release|Any CPU
		{F707EAE8-E83C-4407-AC48-C1683AA90758}.Release|Any CPU.Build.0 = Release|Any CPU
	EndGlobalSection
	GlobalSection(SolutionProperties) = preSolution
		HideSolutionNode = FALSE
	EndGlobalSection
	GlobalSection(ExtensibilityGlobals) = postSolution
		SolutionGuid = {D9A27A6B-2ABC-4605-87CF-874999A1285D}
	EndGlobalSection
EndGlobal
